
Microsoft Visual Studio Solution File, Format Version 12.00
# Visual Studio 15
VisualStudioVersion = 15.0.28307.1433
MinimumVisualStudioVersion = 10.0.40219.1
Project("{FAE04EC0-301F-11D3-BF4B-00C04F79EFBC}") = "17.C sharp Logical And", "17.C sharp Logical And\17.C sharp Logical And.csproj", "{7D29A340-50D8-4396-8D94-F255B7842375}"
EndProject
Global
	GlobalSection(SolutionConfigurationPlatforms) = preSolution
		Debug|Any CPU = Debug|Any CPU
		Release|Any CPU = Release|Any CPU
	EndGlobalSection
	GlobalSection(ProjectConfigurationPlatforms) = postSolution
		{7D29A340-50D8-4396-8D94-F255B7842375}.Debug|Any CPU.ActiveCfg = Debug|Any CPU
		{7D29A340-50D8-4396-8D94-F255B7842375}.Debug|Any CPU.Build.0 = Debug|Any CPU
		{7D29A340-50D8-4396-8D94-F255B7842375}.Release|Any CPU.ActiveCfg = Release|Any CPU
		{7D29A340-50D8-4396-8D94-F255B7842375}.Release|Any CPU.Build.0 = Release|Any CPU
	EndGlobalSection
	GlobalSection(SolutionProperties) = preSolution
		HideSolutionNode = FALSE
	EndGlobalSection
	GlobalSection(ExtensibilityGlobals) = postSolution
		SolutionGuid = {02E57536-6674-4C25-BEED-8008302D48EF}
	EndGlobalSection
EndGlobal
